
Microsoft Visual Studio Solution File, Format Version 12.00
# Visual Studio Version 17
VisualStudioVersion = 17.0.31903.59
MinimumVisualStudioVersion = 10.0.40219.1
Project("{2150E333-8FDC-42A3-9474-1A3956D46DE8}") = "src", "src", "{95430266-E434-4A76-8553-6F55F34FED97}"
EndProject
Project("{2150E333-8FDC-42A3-9474-1A3956D46DE8}") = "demo", "demo", "{566DA346-10C5-4A6A-8D55-031B8CE61A2C}"
EndProject
Project("{9A19103F-16F7-4668-BE54-9A1E7A4F7556}") = "ComposerApi", "demo\ComposerApi\ComposerApi.csproj", "{44BBD0E1-2047-4EA4-9CF0-5B3A05DA71BB}"
EndProject
Project("{2150E333-8FDC-42A3-9474-1A3956D46DE8}") = "_sln-files", "_sln-files", "{F2AEE66B-18D6-4786-A17B-237A4FA395FB}"
	ProjectSection(SolutionItems) = preProject
		demos.composer-api.dockerfile = demos.composer-api.dockerfile
		local-docker-compose.yaml = local-docker-compose.yaml
		local-tiltfile = local-tiltfile
	EndProjectSection
EndProject
Project("{9A19103F-16F7-4668-BE54-9A1E7A4F7556}") = "Contracts", "demo\Contracts\Contracts.csproj", "{75120A34-DD51-46D2-882B-388C1C5AC5D2}"
EndProject
Project("{9A19103F-16F7-4668-BE54-9A1E7A4F7556}") = "HandUp", "src\HandUp\HandUp.csproj", "{4FEA3C6C-EB80-4319-BD98-E1EB779BB1C9}"
EndProject
Global
	GlobalSection(SolutionConfigurationPlatforms) = preSolution
		Debug|Any CPU = Debug|Any CPU
		Release|Any CPU = Release|Any CPU
	EndGlobalSection
	GlobalSection(ProjectConfigurationPlatforms) = postSolution
		{44BBD0E1-2047-4EA4-9CF0-5B3A05DA71BB}.Debug|Any CPU.ActiveCfg = Debug|Any CPU
		{44BBD0E1-2047-4EA4-9CF0-5B3A05DA71BB}.Debug|Any CPU.Build.0 = Debug|Any CPU
		{44BBD0E1-2047-4EA4-9CF0-5B3A05DA71BB}.Release|Any CPU.ActiveCfg = Release|Any CPU
		{44BBD0E1-2047-4EA4-9CF0-5B3A05DA71BB}.Release|Any CPU.Build.0 = Release|Any CPU
		{75120A34-DD51-46D2-882B-388C1C5AC5D2}.Debug|Any CPU.ActiveCfg = Debug|Any CPU
		{75120A34-DD51-46D2-882B-388C1C5AC5D2}.Debug|Any CPU.Build.0 = Debug|Any CPU
		{75120A34-DD51-46D2-882B-388C1C5AC5D2}.Release|Any CPU.ActiveCfg = Release|Any CPU
		{75120A34-DD51-46D2-882B-388C1C5AC5D2}.Release|Any CPU.Build.0 = Release|Any CPU
		{4FEA3C6C-EB80-4319-BD98-E1EB779BB1C9}.Debug|Any CPU.ActiveCfg = Debug|Any CPU
		{4FEA3C6C-EB80-4319-BD98-E1EB779BB1C9}.Debug|Any CPU.Build.0 = Debug|Any CPU
		{4FEA3C6C-EB80-4319-BD98-E1EB779BB1C9}.Release|Any CPU.ActiveCfg = Release|Any CPU
		{4FEA3C6C-EB80-4319-BD98-E1EB779BB1C9}.Release|Any CPU.Build.0 = Release|Any CPU
	EndGlobalSection
	GlobalSection(SolutionProperties) = preSolution
		HideSolutionNode = FALSE
	EndGlobalSection
	GlobalSection(NestedProjects) = preSolution
		{44BBD0E1-2047-4EA4-9CF0-5B3A05DA71BB} = {566DA346-10C5-4A6A-8D55-031B8CE61A2C}
		{75120A34-DD51-46D2-882B-388C1C5AC5D2} = {566DA346-10C5-4A6A-8D55-031B8CE61A2C}
		{4FEA3C6C-EB80-4319-BD98-E1EB779BB1C9} = {95430266-E434-4A76-8553-6F55F34FED97}
	EndGlobalSection
	GlobalSection(ExtensibilityGlobals) = postSolution
		SolutionGuid = {8FB8328F-DDC6-4A28-9FF8-61FDAE786454}
	EndGlobalSection
EndGlobal
